
Microsoft Visual Studio Solution File, Format Version 12.00
# Visual Studio Version 16
VisualStudioVersion = 16.0.31129.286
MinimumVisualStudioVersion = 10.0.40219.1
Project("{FAE04EC0-301F-11D3-BF4B-00C04F79EFBC}") = "Calculadora", "Calculadora\Calculadora.csproj", "{99B69422-980E-41CA-893D-E3925882E712}"
EndProject
Global
	GlobalSection(SolutionConfigurationPlatforms) = preSolution
		Debug|Any CPU = Debug|Any CPU
		Release|Any CPU = Release|Any CPU
	EndGlobalSection
	GlobalSection(ProjectConfigurationPlatforms) = postSolution
		{99B69422-980E-41CA-893D-E3925882E712}.Debug|Any CPU.ActiveCfg = Debug|Any CPU
		{99B69422-980E-41CA-893D-E3925882E712}.Debug|Any CPU.Build.0 = Debug|Any CPU
		{99B69422-980E-41CA-893D-E3925882E712}.Release|Any CPU.ActiveCfg = Release|Any CPU
		{99B69422-980E-41CA-893D-E3925882E712}.Release|Any CPU.Build.0 = Release|Any CPU
	EndGlobalSection
	GlobalSection(SolutionProperties) = preSolution
		HideSolutionNode = FALSE
	EndGlobalSection
	GlobalSection(ExtensibilityGlobals) = postSolution
		SolutionGuid = {37F48B78-2001-4CA1-B67F-4202D65A97C0}
	EndGlobalSection
EndGlobal
